
Microsoft Visual Studio Solution File, Format Version 12.00
# Visual Studio Version 16
VisualStudioVersion = 16.0.30320.27
MinimumVisualStudioVersion = 10.0.40219.1
Project("{FAE04EC0-301F-11D3-BF4B-00C04F79EFBC}") = "QnABots", "QnABots.csproj", "{707D90CD-FAD2-4ED3-B0C8-EA7268818479}"
EndProject
Global
	GlobalSection(SolutionConfigurationPlatforms) = preSolution
		Debug|Any CPU = Debug|Any CPU
		Release|Any CPU = Release|Any CPU
	EndGlobalSection
	GlobalSection(ProjectConfigurationPlatforms) = postSolution
		{707D90CD-FAD2-4ED3-B0C8-EA7268818479}.Debug|Any CPU.ActiveCfg = Debug|Any CPU
		{707D90CD-FAD2-4ED3-B0C8-EA7268818479}.Debug|Any CPU.Build.0 = Debug|Any CPU
		{707D90CD-FAD2-4ED3-B0C8-EA7268818479}.Release|Any CPU.ActiveCfg = Release|Any CPU
		{707D90CD-FAD2-4ED3-B0C8-EA7268818479}.Release|Any CPU.Build.0 = Release|Any CPU
	EndGlobalSection
	GlobalSection(SolutionProperties) = preSolution
		HideSolutionNode = FALSE
	EndGlobalSection
	GlobalSection(ExtensibilityGlobals) = postSolution
		SolutionGuid = {5A78BE33-8E80-4E7D-AC0A-9ADFFE2E797A}
	EndGlobalSection
EndGlobal
